
Microsoft Visual Studio Solution File, Format Version 12.00
# Visual Studio 15
VisualStudioVersion = 15.0.27703.2042
MinimumVisualStudioVersion = 10.0.40219.1
Project("{FAE04EC0-301F-11D3-BF4B-00C04F79EFBC}") = "LoadBulkTools", "LoadBulkTools\LoadBulkTools.csproj", "{8C2F0F9D-852F-4402-9FD8-76597EF16C8E}"
EndProject
Global
	GlobalSection(SolutionConfigurationPlatforms) = preSolution
		Debug|Any CPU = Debug|Any CPU
		Release|Any CPU = Release|Any CPU
	EndGlobalSection
	GlobalSection(ProjectConfigurationPlatforms) = postSolution
		{8C2F0F9D-852F-4402-9FD8-76597EF16C8E}.Debug|Any CPU.ActiveCfg = Debug|Any CPU
		{8C2F0F9D-852F-4402-9FD8-76597EF16C8E}.Debug|Any CPU.Build.0 = Debug|Any CPU
		{8C2F0F9D-852F-4402-9FD8-76597EF16C8E}.Release|Any CPU.ActiveCfg = Release|Any CPU
		{8C2F0F9D-852F-4402-9FD8-76597EF16C8E}.Release|Any CPU.Build.0 = Release|Any CPU
	EndGlobalSection
	GlobalSection(SolutionProperties) = preSolution
		HideSolutionNode = FALSE
	EndGlobalSection
	GlobalSection(ExtensibilityGlobals) = postSolution
		SolutionGuid = {7EB00AD1-C8E4-4DFE-B55B-473B226F8E16}
	EndGlobalSection
EndGlobal
